
Microsoft Visual Studio Solution File, Format Version 12.00
# Visual Studio Version 17
VisualStudioVersion = 17.5.002.0
MinimumVisualStudioVersion = 10.0.40219.1
Project("{9A19103F-16F7-4668-BE54-9A1E7A4F7556}") = "projeto3", "projeto3.csproj", "{3022DA45-3565-4E1C-8C21-62FA20D32EC2}"
EndProject
Global
	GlobalSection(SolutionConfigurationPlatforms) = preSolution
		Debug|Any CPU = Debug|Any CPU
		Release|Any CPU = Release|Any CPU
	EndGlobalSection
	GlobalSection(ProjectConfigurationPlatforms) = postSolution
		{3022DA45-3565-4E1C-8C21-62FA20D32EC2}.Debug|Any CPU.ActiveCfg = Debug|Any CPU
		{3022DA45-3565-4E1C-8C21-62FA20D32EC2}.Debug|Any CPU.Build.0 = Debug|Any CPU
		{3022DA45-3565-4E1C-8C21-62FA20D32EC2}.Release|Any CPU.ActiveCfg = Release|Any CPU
		{3022DA45-3565-4E1C-8C21-62FA20D32EC2}.Release|Any CPU.Build.0 = Release|Any CPU
	EndGlobalSection
	GlobalSection(SolutionProperties) = preSolution
		HideSolutionNode = FALSE
	EndGlobalSection
	GlobalSection(ExtensibilityGlobals) = postSolution
		SolutionGuid = {2BE04CCB-C5CD-411A-989A-AF8A526579A4}
	EndGlobalSection
EndGlobal
